
Microsoft Visual Studio Solution File, Format Version 12.00
# Visual Studio Version 17
VisualStudioVersion = 17.3.32929.385
MinimumVisualStudioVersion = 10.0.40219.1
Project("{FAE04EC0-301F-11D3-BF4B-00C04F79EFBC}") = "Tablica", "ZadachiSFor\Tablica.csproj", "{1B8F16B3-E10A-4DC0-AE60-045C1C21F50F}"
EndProject
Project("{FAE04EC0-301F-11D3-BF4B-00C04F79EFBC}") = "Sumirane", "Sumirane\Sumirane.csproj", "{D3AB38C8-823C-4E1D-9D01-B55613C7913E}"
EndProject
Global
	GlobalSection(SolutionConfigurationPlatforms) = preSolution
		Debug|Any CPU = Debug|Any CPU
		Release|Any CPU = Release|Any CPU
	EndGlobalSection
	GlobalSection(ProjectConfigurationPlatforms) = postSolution
		{1B8F16B3-E10A-4DC0-AE60-045C1C21F50F}.Debug|Any CPU.ActiveCfg = Debug|Any CPU
		{1B8F16B3-E10A-4DC0-AE60-045C1C21F50F}.Debug|Any CPU.Build.0 = Debug|Any CPU
		{1B8F16B3-E10A-4DC0-AE60-045C1C21F50F}.Release|Any CPU.ActiveCfg = Release|Any CPU
		{1B8F16B3-E10A-4DC0-AE60-045C1C21F50F}.Release|Any CPU.Build.0 = Release|Any CPU
		{D3AB38C8-823C-4E1D-9D01-B55613C7913E}.Debug|Any CPU.ActiveCfg = Debug|Any CPU
		{D3AB38C8-823C-4E1D-9D01-B55613C7913E}.Debug|Any CPU.Build.0 = Debug|Any CPU
		{D3AB38C8-823C-4E1D-9D01-B55613C7913E}.Release|Any CPU.ActiveCfg = Release|Any CPU
		{D3AB38C8-823C-4E1D-9D01-B55613C7913E}.Release|Any CPU.Build.0 = Release|Any CPU
	EndGlobalSection
	GlobalSection(SolutionProperties) = preSolution
		HideSolutionNode = FALSE
	EndGlobalSection
	GlobalSection(ExtensibilityGlobals) = postSolution
		SolutionGuid = {F182F83B-5D59-4BF4-9241-C265AF8AAF2A}
	EndGlobalSection
EndGlobal
